lockfileVersion: '9.0'

settings:
  autoInstallPeers: true
  excludeLinksFromLockfile: false

importers:

  .:
    dependencies:
      '@deepseek-ai/cordis':
        specifier: workspace:^
        version: link:vendor/cordis
    devDependencies:
      '@types/node':
        specifier: ^26.2.0
        version: 26.2.0
      typescript:
        specifier: ^5.6.0
        version: 5.6.2

  vendor/cordis:
    dependencies:
      '@deepseek-ai/cordis-plugin-include':
        specifier: workspace:^
        version: link:../include
      '@deepseek-ai/cordis-plugin-loader':
        specifier: workspace:^
        version: link:../loader
      '@deepseek-ai/cosmokit':
        specifier: workspace:^
        version: link:../cosmokit
      '@standard-schema/spec':
        specifier: ^1.1.0
        version: 1.1.0

  vendor/cosmokit: {}

  vendor/include:
    dependencies:
      '@deepseek-ai/cordis':
        specifier: workspace:^
        version: link:../cordis
      '@deepseek-ai/cordis-plugin-loader':
        specifier: workspace:^
        version: link:../loader
      '@deepseek-ai/cosmokit':
        specifier: workspace:^
        version: link:../cosmokit
      js-yaml:
        specifier: ^4.1.0
        version: 4.3.1

  vendor/loader:
    dependencies:
      '@deepseek-ai/cordis':
        specifier: workspace:^
        version: link:../cordis
      '@deepseek-ai/cosmokit':
        specifier: workspace:^
        version: link:../cosmokit
      node-addon-require-builtin:
        specifier: ^0.1.4
        version: 0.1.4

packages:

  '@standard-schema/spec@1.1.0':
    resolution: {integrity: sha512-l2aFy5jALhniG5HgqrD6jXLi/rUWrKvqN/qJx6yoJsgKhblVd+iqqU4RCXavm/jPityDo5TCvKMnpjKnOriy0w==}

  '@types/node@26.2.0':
    resolution: {integrity: sha512-5IviulTZeRNp2vAJ514cc/HUlY5nZ9fCbq9DMyC52BrhFZACo3nI0R7qBxhQmo/d27NFe96ur/b7Wwxklda+kg==}

  argparse@2.0.1:
    resolution: {integrity: sha512-8+9WqebbFzpX9OR+Wa6O29asIogeRMzcGtAINdpMHHyAg10f05aSFVBbcEqGf/PXw1EjAZ+q2/bEBg3DvurK3Q==}

  js-yaml@4.3.1:
    resolution: {integrity: sha512-CY6crGq313MX8GkwvB7tzgp99vjQxY1++5y10/BKN/GUfHqWaOGQMNZkBvqSzsZKWk/ijwHlWzzkLulsGHhjWQ==}
    hasBin: true

  node-addon-native-custom-loader@0.1.4:
    resolution: {integrity: sha512-DreegO6EoC1JHWYBv3j8Miwp2Zl/CyBeNyoeyCbnEdjyYFEulR4Gcb3wj9fXF7KMDY0ZJ5MWwHcXP8GVNyScnA==}
    engines: {node: '>=20'}

  node-addon-require-builtin-darwin-arm64@0.1.4:
    resolution: {integrity: sha512-pqiTPbqlDKRIo8YKoWMjuFge4kyHbsdYkAcGW5MAVcJSCyU0M1hhpiLdWlvX753XKL3xlGeuPmv2NqTNRV0/hw==}
    engines: {node: '>=20'}
    cpu: [arm64]
    os: [darwin]

  node-addon-require-builtin-darwin-x64@0.1.4:
    resolution: {integrity: sha512-i9oThh+w6d+H79YQuc3d3MZCx4YZ6aMWlQ0HYMgOTWvSRzppXmksa/xPV8O20G1gjpq5do/9/hgImixj3XIcjQ==}
    engines: {node: '>=20'}
    cpu: [x64]
    os: [darwin]

  node-addon-require-builtin-linux-arm64-gnu@0.1.4:
    resolution: {integrity: sha512-qbmYtkiIFp7h1ZvYYHH0MGFQbc03OyvplkeS90j+t3VMomkRc/YwZ140WzVM3eYJYZ7XHq+s1GL5ZdFQFPUXBQ==}
    engines: {node: '>=20'}
    cpu: [arm64]
    os: [linux]
    libc: [glibc]

  node-addon-require-builtin-linux-x64-gnu@0.1.4:
    resolution: {integrity: sha512-4jC617+yOrYYuKgNmN2KMD722G6BICpjEzAcmzA3j5tt+zmey5M/c/z9JxqdjnNmU9CQWseBaJu/fGdbHZXSOg==}
    engines: {node: '>=20'}
    cpu: [x64]
    os: [linux]
    libc: [glibc]

  node-addon-require-builtin-win32-arm64-msvc@0.1.4:
    resolution: {integrity: sha512-4TW96aPR108R3RxJbUNLXU6FLTZ7n8fWtSpPbPtvYWXa9cXojvCMdH4BvrHM6W2M+Iu42nqMxRyylP3PeTjOmA==}
    engines: {node: '>=20'}
    cpu: [arm64]
    os: [win32]

  node-addon-require-builtin-win32-ia32-msvc@0.1.4:
    resolution: {integrity: sha512-a3ZRkiMKaE7uRjI+H+Ic7dvhPIk0rW9mHV47IEiqJzoRZqnDp5JPjQfAnngu979HR59Ghy+mfexJ/kStBlP3eQ==}
    engines: {node: '>=20 <23'}
    cpu: [ia32]
    os: [win32]

  node-addon-require-builtin-win32-x64-msvc@0.1.4:
    resolution: {integrity: sha512-EGx7AcJKB7fNxo/YHV32JTUg1Hetbdnh6uPaqPhklhyRSMM13/7hZK1pTACqMS9dwnR3Lakxl9HKG9/eAoIyyg==}
    engines: {node: '>=20'}
    cpu: [x64]
    os: [win32]

  node-addon-require-builtin@0.1.4:
    resolution: {integrity: sha512-yuXz43GmtQyMrO75u2Z8KZAafMhnMH8RTOZBJWGDU9HoD2QxT6q4PF28iLNm/OS9BkS8MHwCKpgTk3d6qW584A==}
    engines: {node: '>=20'}

  typescript@5.6.2:
    resolution: {integrity: sha512-NW8ByodCSNCwZeghjN3o+JX5OFH0Ojg6sadjEKY4huZ52TqbJTJnDo5+Tw98lSy63NZvi4n+ez5m2u5d4PkZyw==}
    engines: {node: '>=14.17'}
    hasBin: true

  undici-types@8.3.0:
    resolution: {integrity: sha512-j375ScV60dom+YkPFIfTLcOiPxkN/buHz5GobjLhixFuANaNs3C9l4GmrWqejgXWJ7BbJcFYpTEUkS1Ge8bpZQ==}

snapshots:

  '@standard-schema/spec@1.1.0': {}

  '@types/node@26.2.0':
    dependencies:
      undici-types: 8.3.0

  argparse@2.0.1: {}

  js-yaml@4.3.1:
    dependencies:
      argparse: 2.0.1

  node-addon-native-custom-loader@0.1.4: {}

  node-addon-require-builtin-darwin-arm64@0.1.4:
    dependencies:
      node-addon-native-custom-loader: 0.1.4
    optional: true

  node-addon-require-builtin-darwin-x64@0.1.4:
    dependencies:
      node-addon-native-custom-loader: 0.1.4
    optional: true

  node-addon-require-builtin-linux-arm64-gnu@0.1.4:
    dependencies:
      node-addon-native-custom-loader: 0.1.4
    optional: true

  node-addon-require-builtin-linux-x64-gnu@0.1.4:
    dependencies:
      node-addon-native-custom-loader: 0.1.4
    optional: true

  node-addon-require-builtin-win32-arm64-msvc@0.1.4:
    dependencies:
      node-addon-native-custom-loader: 0.1.4
    optional: true

  node-addon-require-builtin-win32-ia32-msvc@0.1.4:
    dependencies:
      node-addon-native-custom-loader: 0.1.4
    optional: true

  node-addon-require-builtin-win32-x64-msvc@0.1.4:
    dependencies:
      node-addon-native-custom-loader: 0.1.4
    optional: true

  node-addon-require-builtin@0.1.4:
    dependencies:
      node-addon-native-custom-loader: 0.1.4
    optionalDependencies:
      node-addon-require-builtin-darwin-arm64: 0.1.4
      node-addon-require-builtin-darwin-x64: 0.1.4
      node-addon-require-builtin-linux-arm64-gnu: 0.1.4
      node-addon-require-builtin-linux-x64-gnu: 0.1.4
      node-addon-require-builtin-win32-arm64-msvc: 0.1.4
      node-addon-require-builtin-win32-ia32-msvc: 0.1.4
      node-addon-require-builtin-win32-x64-msvc: 0.1.4

  typescript@5.6.2: {}

  undici-types@8.3.0: {}
